# THIS IS AN AUTOGENERATED FILE. DO NOT EDIT THIS FILE DIRECTLY.
# yarn lockfile v1


"@types/hyperscript@^0.0.3":
  version "0.0.3"
  resolved "https://registry.yarnpkg.com/@types/hyperscript/-/hyperscript-0.0.3.tgz#52475f8d9e65a080d463c32c95a78d2d42fd00a6"
  integrity sha512-NNbK4Dck3S7ER/7hPq5QFlvrzEgNh+jci9yw84Ii64QJIX5rodtEH+hgxyeJO2bZ56kk5zzd8fQXa+Z9cC9+Og==

browser-split@0.0.0:
  version "0.0.0"
  resolved "https://registry.yarnpkg.com/browser-split/-/browser-split-0.0.0.tgz#41419caef769755929dd518967d3eec0a6262771"
  integrity sha1-QUGcrvdpdVkp3VGJZ9PuwKYmJ3E=

class-list@~0.1.0, class-list@~0.1.1:
  version "0.1.1"
  resolved "https://registry.yarnpkg.com/class-list/-/class-list-0.1.1.tgz#9b9745192c4179b5da0a0d7633658e3c70d796cb"
  integrity sha1-m5dFGSxBebXaCg12M2WOPHDXlss=
  dependencies:
    indexof "0.0.1"

html-element@^2.0.0:
  version "2.3.0"
  resolved "https://registry.yarnpkg.com/html-element/-/html-element-2.3.0.tgz#0e5c1d979223b0febfbcacdeb56c75d1e9297de9"
  integrity sha512-axsAv89JAxk/zSSOn+jK5dJ1eAUVSkienyIcruAe/kD5skC/E/HxjFfCfNYv8+A9m7BXR9kfL4ZD1ZobUfUWzQ==
  dependencies:
    class-list "~0.1.1"

hyperscript@^2.0.2:
  version "2.0.2"
  resolved "https://registry.yarnpkg.com/hyperscript/-/hyperscript-2.0.2.tgz#3839cba45554bdfe27bb81c2142d1684f8135af5"
  integrity sha1-ODnLpFVUvf4nu4HCFC0WhPgTWvU=
  dependencies:
    browser-split "0.0.0"
    class-list "~0.1.0"
    html-element "^2.0.0"

indented-filter@^0.1.1:
  version "0.1.1"
  resolved "https://registry.yarnpkg.com/indented-filter/-/indented-filter-0.1.1.tgz#64c93b13e9998d12f397b772d8cfbae3e3e77216"
  integrity sha512-qOAYFXYHxMClzpXN95wgW/Myy7j332KEWNNl35boaAcU3tL1HPcLQLCLClzmTuyWG4kpmDk5Kps/Wz0u7paUNg==

indexof@0.0.1:
  version "0.0.1"
  resolved "https://registry.yarnpkg.com/indexof/-/indexof-0.0.1.tgz#82dc336d232b9062179d05ab3293a66059fd435d"
  integrity sha1-gtwzbSMrkGIXnQWrMpOmYFn9Q10=

typescript@^3.7.4:
  version "3.7.4"
  resolved "https://registry.yarnpkg.com/typescript/-/typescript-3.7.4.tgz#1743a5ec5fef6a1fa9f3e4708e33c81c73876c19"
  integrity sha512-A25xv5XCtarLwXpcDNZzCGvW2D1S3/bACratYBx2sax8PefsFhlYmkQicKHvpYflFS8if4zne5zT5kpJ7pzuvw==
